
Microsoft Visual Studio Solution File, Format Version 12.00
# Visual Studio Version 16
VisualStudioVersion = 16.0.33927.289
MinimumVisualStudioVersion = 10.0.40219.1
Project("{2150E333-8FDC-42A3-9474-1A3956D46DE8}") = "Task0", "Task0", "{C9348B3D-370E-4F75-B2BD-196726E4B569}"
EndProject
Project("{FAE04EC0-301F-11D3-BF4B-00C04F79EFBC}") = "Tyuiu.RedikultsevaAA.Sprint6.Task0.V23.Lib", "Tyuiu.RedikultsevaAA.Sprint6.Task0.V23.Lib\Tyuiu.RedikultsevaAA.Sprint6.Task0.V23.Lib.csproj", "{FB411BE8-F24C-4447-961A-823ADC107552}"
EndProject
Project("{FAE04EC0-301F-11D3-BF4B-00C04F79EFBC}") = "Tyuiu.RedikultsevaAA.Sprint6.Task0.V23.Test", "Tyuiu.RedikultsevaAA.Sprint6.Task0.V23.Test\Tyuiu.RedikultsevaAA.Sprint6.Task0.V23.Test.csproj", "{A03F0EDE-C9B7-41C1-A7FE-AE194D442180}"
EndProject
Project("{FAE04EC0-301F-11D3-BF4B-00C04F79EFBC}") = "Tyuiu.RedikultsevaAA.Sprint6.Task0.V23", "Tyuiu.RedikultsevaAA.Sprint6.Task0.V23\Tyuiu.RedikultsevaAA.Sprint6.Task0.V23.csproj", "{E44859E7-95F3-48A3-B00B-86772A791733}"
EndProject
Project("{2150E333-8FDC-42A3-9474-1A3956D46DE8}") = "Task1", "Task1", "{89354175-4F5A-4733-9383-ACF03CEE3E6A}"
EndProject
Project("{FAE04EC0-301F-11D3-BF4B-00C04F79EFBC}") = "Tyuiu.RedikultsevaAA.Sprint6.Task1.V25", "Tyuiu.RedikultsevaAA.Sprint6.Task1.V25\Tyuiu.RedikultsevaAA.Sprint6.Task1.V25.csproj", "{7139E60F-BAB1-45FF-A085-05917ECD749D}"
EndProject
Project("{FAE04EC0-301F-11D3-BF4B-00C04F79EFBC}") = "Tyuiu.RedikultsevaAA.Sprint6.Task1.V25.Test", "Tyuiu.RedikultsevaAA.Sprint6.Task1.V25.Test\Tyuiu.RedikultsevaAA.Sprint6.Task1.V25.Test.csproj", "{03FCB132-06E1-4581-9F80-5D8A641326F5}"
EndProject
Project("{FAE04EC0-301F-11D3-BF4B-00C04F79EFBC}") = "Tyuiu.RedikultsevaAA.Sprint6.Task1.V25.Lib", "Tyuiu.RedikultsevaAA.Sprint6.Task1.V25.Lib\Tyuiu.RedikultsevaAA.Sprint6.Task1.V25.Lib.csproj", "{0DF79699-A224-4BEC-9735-23D48D395497}"
EndProject
Global
	GlobalSection(SolutionConfigurationPlatforms) = preSolution
		Debug|Any CPU = Debug|Any CPU
		Release|Any CPU = Release|Any CPU
	EndGlobalSection
	GlobalSection(ProjectConfigurationPlatforms) = postSolution
		{FB411BE8-F24C-4447-961A-823ADC107552}.Debug|Any CPU.ActiveCfg = Debug|Any CPU
		{FB411BE8-F24C-4447-961A-823ADC107552}.Debug|Any CPU.Build.0 = Debug|Any CPU
		{FB411BE8-F24C-4447-961A-823ADC107552}.Release|Any CPU.ActiveCfg = Release|Any CPU
		{FB411BE8-F24C-4447-961A-823ADC107552}.Release|Any CPU.Build.0 = Release|Any CPU
		{A03F0EDE-C9B7-41C1-A7FE-AE194D442180}.Debug|Any CPU.ActiveCfg = Debug|Any CPU
		{A03F0EDE-C9B7-41C1-A7FE-AE194D442180}.Debug|Any CPU.Build.0 = Debug|Any CPU
		{A03F0EDE-C9B7-41C1-A7FE-AE194D442180}.Release|Any CPU.ActiveCfg = Release|Any CPU
		{A03F0EDE-C9B7-41C1-A7FE-AE194D442180}.Release|Any CPU.Build.0 = Release|Any CPU
		{E44859E7-95F3-48A3-B00B-86772A791733}.Debug|Any CPU.ActiveCfg = Debug|Any CPU
		{E44859E7-95F3-48A3-B00B-86772A791733}.Debug|Any CPU.Build.0 = Debug|Any CPU
		{E44859E7-95F3-48A3-B00B-86772A791733}.Release|Any CPU.ActiveCfg = Release|Any CPU
		{E44859E7-95F3-48A3-B00B-86772A791733}.Release|Any CPU.Build.0 = Release|Any CPU
		{7139E60F-BAB1-45FF-A085-05917ECD749D}.Debug|Any CPU.ActiveCfg = Debug|Any CPU
		{7139E60F-BAB1-45FF-A085-05917ECD749D}.Debug|Any CPU.Build.0 = Debug|Any CPU
		{7139E60F-BAB1-45FF-A085-05917ECD749D}.Release|Any CPU.ActiveCfg = Release|Any CPU
		{7139E60F-BAB1-45FF-A085-05917ECD749D}.Release|Any CPU.Build.0 = Release|Any CPU
		{03FCB132-06E1-4581-9F80-5D8A641326F5}.Debug|Any CPU.ActiveCfg = Debug|Any CPU
		{03FCB132-06E1-4581-9F80-5D8A641326F5}.Debug|Any CPU.Build.0 = Debug|Any CPU
		{03FCB132-06E1-4581-9F80-5D8A641326F5}.Release|Any CPU.ActiveCfg = Release|Any CPU
		{03FCB132-06E1-4581-9F80-5D8A641326F5}.Release|Any CPU.Build.0 = Release|Any CPU
		{0DF79699-A224-4BEC-9735-23D48D395497}.Debug|Any CPU.ActiveCfg = Debug|Any CPU
		{0DF79699-A224-4BEC-9735-23D48D395497}.Debug|Any CPU.Build.0 = Debug|Any CPU
		{0DF79699-A224-4BEC-9735-23D48D395497}.Release|Any CPU.ActiveCfg = Release|Any CPU
		{0DF79699-A224-4BEC-9735-23D48D395497}.Release|Any CPU.Build.0 = Release|Any CPU
	EndGlobalSection
	GlobalSection(SolutionProperties) = preSolution
		HideSolutionNode = FALSE
	EndGlobalSection
	GlobalSection(NestedProjects) = preSolution
		{FB411BE8-F24C-4447-961A-823ADC107552} = {C9348B3D-370E-4F75-B2BD-196726E4B569}
		{A03F0EDE-C9B7-41C1-A7FE-AE194D442180} = {C9348B3D-370E-4F75-B2BD-196726E4B569}
		{E44859E7-95F3-48A3-B00B-86772A791733} = {C9348B3D-370E-4F75-B2BD-196726E4B569}
		{7139E60F-BAB1-45FF-A085-05917ECD749D} = {89354175-4F5A-4733-9383-ACF03CEE3E6A}
		{03FCB132-06E1-4581-9F80-5D8A641326F5} = {89354175-4F5A-4733-9383-ACF03CEE3E6A}
		{0DF79699-A224-4BEC-9735-23D48D395497} = {89354175-4F5A-4733-9383-ACF03CEE3E6A}
	EndGlobalSection
	GlobalSection(ExtensibilityGlobals) = postSolution
		SolutionGuid = {51385D02-D34A-489F-A0AC-840B6B366B52}
	EndGlobalSection
EndGlobal
